// !$*UTF8*$!
{
	archiveVersion = 1;
	classes = {
	};
	objectVersion = 46;
	objects = {

/* Begin PBXBuildFile section */
		44E2E4531FC1BF3400F34789 /* AppDelegate.swift in Sources */ = {isa = PBXBuildFile; fileRef = 44E2E4521FC1BF3400F34789 /* AppDelegate.swift */; };
		44E2E4551FC1BF3400F34789 /* ViewController.swift in Sources */ = {isa = PBXBuildFile; fileRef = 44E2E4541FC1BF3400F34789 /* ViewController.swift */; };
		44E2E4581FC1BF3400F34789 /* Main.storyboard in Resources */ = {isa = PBXBuildFile; fileRef = 44E2E4561FC1BF3400F34789 /* Main.storyboard */; };
		44E2E45A1FC1BF3400F34789 /* Assets.xcassets in Resources */ = {isa = PBXBuildFile; fileRef = 44E2E4591FC1BF3400F34789 /* Assets.xcassets */; };
		44E2E45D1FC1BF3400F34789 /* LaunchScreen.storyboard in Resources */ = {isa = PBXBuildFile; fileRef = 44E2E45B1FC1BF3400F34789 /* LaunchScreen.storyboard */; };
		44E750F01FC1BF9500524706 /* SRAttractionsMap.framework in Frameworks */ = {isa = PBXBuildFile; fileRef = 44E2E4691FC1BF4900F34789 /* SRAttractionsMap.framework */; };
		44E750F11FC1BF9500524706 /* SRAttractionsMap.framework in Embed Frameworks */ = {isa = PBXBuildFile; fileRef = 44E2E4691FC1BF4900F34789 /* SRAttractionsMap.framework */; settings = {ATTRIBUTES = (CodeSignOnCopy, RemoveHeadersOnCopy, ); }; };
		44E750F71FC1C00600524706 /* CoffeeshopsList.plist in Resources */ = {isa = PBXBuildFile; fileRef = 44E750F61FC1C00600524706 /* CoffeeshopsList.plist */; };
/* End PBXBuildFile section */

/* Begin PBXContainerItemProxy section */
		44E2E4681FC1BF4900F34789 /* PBXContainerItemProxy */ = {
			isa = PBXContainerItemProxy;
			containerPortal = 44E2E4641FC1BF4900F34789 /* SRAttractionsMap.xcodeproj */;
			proxyType = 2;
			remoteGlobalIDString = 448B716D1FC0DD9F005C69C2;
			remoteInfo = SRAttractionsMap;
		};
		44E750F21FC1BF9500524706 /* PBXContainerItemProxy */ = {
			isa = PBXContainerItemProxy;
			containerPortal = 44E2E4641FC1BF4900F34789 /* SRAttractionsMap.xcodeproj */;
			proxyType = 1;
			remoteGlobalIDString = 448B716C1FC0DD9F005C69C2;
			remoteInfo = SRAttractionsMap;
		};
/* End PBXContainerItemProxy section */

/* Begin PBXCopyFilesBuildPhase section */
		44E750F41FC1BF9500524706 /* Embed Frameworks */ = {
			isa = PBXCopyFilesBuildPhase;
			buildActionMask = 2147483647;
			dstPath = "";
			dstSubfolderSpec = 10;
			files = (
				44E750F11FC1BF9500524706 /* SRAttractionsMap.framework in Embed Frameworks */,
			);
			name = "Embed Frameworks";
			runOnlyForDeploymentPostprocessing = 0;
		};
/* End PBXCopyFilesBuildPhase section */

/* Begin PBXFileReference section */
		44E2E44F1FC1BF3400F34789 /* SRAttractionsMapExample.app */ = {isa = PBXFileReference; explicitFileType = wrapper.application; includeInIndex = 0; path = SRAttractionsMapExample.app; sourceTree = BUILT_PRODUCTS_DIR; };
		44E2E4521FC1BF3400F34789 /* AppDelegate.swift */ = {isa = PBXFileReference; lastKnownFileType = sourcecode.swift; path = AppDelegate.swift; sourceTree = "<group>"; };
		44E2E4541FC1BF3400F34789 /* ViewController.swift */ = {isa = PBXFileReference; lastKnownFileType = sourcecode.swift; path = ViewController.swift; sourceTree = "<group>"; };
		44E2E4571FC1BF3400F34789 /* Base */ = {isa = PBXFileReference; lastKnownFileType = file.storyboard; name = Base; path = Base.lproj/Main.storyboard; sourceTree = "<group>"; };
		44E2E4591FC1BF3400F34789 /* Assets.xcassets */ = {isa = PBXFileReference; lastKnownFileType = folder.assetcatalog; path = Assets.xcassets; sourceTree = "<group>"; };
		44E2E45C1FC1BF3400F34789 /* Base */ = {isa = PBXFileReference; lastKnownFileType = file.storyboard; name = Base; path = Base.lproj/LaunchScreen.storyboard; sourceTree = "<group>"; };
		44E2E45E1FC1BF3400F34789 /* Info.plist */ = {isa = PBXFileReference; lastKnownFileType = text.plist.xml; path = Info.plist; sourceTree = "<group>"; };
		44E2E4641FC1BF4900F34789 /* SRAttractionsMap.xcodeproj */ = {isa = PBXFileReference; lastKnownFileType = "wrapper.pb-project"; name = SRAttractionsMap.xcodeproj; path = ../SRAttractionsMap.xcodeproj; sourceTree = "<group>"; };
		44E750F61FC1C00600524706 /* CoffeeshopsList.plist */ = {isa = PBXFileReference; fileEncoding = 4; lastKnownFileType = text.plist.xml; path = CoffeeshopsList.plist; sourceTree = "<group>"; };
/* End PBXFileReference section */

/* Begin PBXFrameworksBuildPhase section */
		44E2E44C1FC1BF3400F34789 /* Frameworks */ = {
			isa = PBXFrameworksBuildPhase;
			buildActionMask = 2147483647;
			files = (
				44E750F01FC1BF9500524706 /* SRAttractionsMap.framework in Frameworks */,
			);
			runOnlyForDeploymentPostprocessing = 0;
		};
/* End PBXFrameworksBuildPhase section */

/* Begin PBXGroup section */
		44E2E4461FC1BF3400F34789 = {
			isa = PBXGroup;
			children = (
				44E2E4641FC1BF4900F34789 /* SRAttractionsMap.xcodeproj */,
				44E2E4511FC1BF3400F34789 /* SRAttractionsMapExample */,
				44E2E4501FC1BF3400F34789 /* Products */,
			);
			sourceTree = "<group>";
		};
		44E2E4501FC1BF3400F34789 /* Products */ = {
			isa = PBXGroup;
			children = (
				44E2E44F1FC1BF3400F34789 /* SRAttractionsMapExample.app */,
			);
			name = Products;
			sourceTree = "<group>";
		};
		44E2E4511FC1BF3400F34789 /* SRAttractionsMapExample */ = {
			isa = PBXGroup;
			children = (
				44E2E4521FC1BF3400F34789 /* AppDelegate.swift */,
				44E2E4541FC1BF3400F34789 /* ViewController.swift */,
				44E750F61FC1C00600524706 /* CoffeeshopsList.plist */,
				44E2E4561FC1BF3400F34789 /* Main.storyboard */,
				44E2E4591FC1BF3400F34789 /* Assets.xcassets */,
				44E2E45B1FC1BF3400F34789 /* LaunchScreen.storyboard */,
				44E2E45E1FC1BF3400F34789 /* Info.plist */,
			);
			path = SRAttractionsMapExample;
			sourceTree = "<group>";
		};
		44E2E4651FC1BF4900F34789 /* Products */ = {
			isa = PBXGroup;
			children = (
				44E2E4691FC1BF4900F34789 /* SRAttractionsMap.framework */,
			);
			name = Products;
			sourceTree = "<group>";
		};
/* End PBXGroup section */

/* Begin PBXNativeTarget section */
		44E2E44E1FC1BF3400F34789 /* SRAttractionsMapExample */ = {
			isa = PBXNativeTarget;
			buildConfigurationList = 44E2E4611FC1BF3400F34789 /* Build configuration list for PBXNativeTarget "SRAttractionsMapExample" */;
			buildPhases = (
				44E2E44B1FC1BF3400F34789 /* Sources */,
				44E2E44C1FC1BF3400F34789 /* Frameworks */,
				44E2E44D1FC1BF3400F34789 /* Resources */,
				44E750F41FC1BF9500524706 /* Embed Frameworks */,
			);
			buildRules = (
			);
			dependencies = (
				44E750F31FC1BF9500524706 /* PBXTargetDependency */,
			);
			name = SRAttractionsMapExample;
			productName = SRAttractionsMapExample;
			productReference = 44E2E44F1FC1BF3400F34789 /* SRAttractionsMapExample.app */;
			productType = "com.apple.product-type.application";
		};
/* End PBXNativeTarget section */

/* Begin PBXProject section */
		44E2E4471FC1BF3400F34789 /* Project object */ = {
			isa = PBXProject;
			attributes = {
				LastSwiftUpdateCheck = 0830;
				LastUpgradeCheck = 0910;
				ORGANIZATIONNAME = "Ruslan Serebriakov";
				TargetAttributes = {
					44E2E44E1FC1BF3400F34789 = {
						CreatedOnToolsVersion = 8.3.3;
						DevelopmentTeam = 6U6DEJ8A2S;
						LastSwiftMigration = 0910;
						ProvisioningStyle = Automatic;
					};
				};
			};
			buildConfigurationList = 44E2E44A1FC1BF3400F34789 /* Build configuration list for PBXProject "SRAttractionsMapExample" */;
			compatibilityVersion = "Xcode 3.2";
			developmentRegion = English;
			hasScannedForEncodings = 0;
			knownRegions = (
				en,
				Base,
			);
			mainGroup = 44E2E4461FC1BF3400F34789;
			productRefGroup = 44E2E4501FC1BF3400F34789 /* Products */;
			projectDirPath = "";
			projectReferences = (
				{
					ProductGroup = 44E2E4651FC1BF4900F34789 /* Products */;
					ProjectRef = 44E2E4641FC1BF4900F34789 /* SRAttractionsMap.xcodeproj */;
				},
			);
			projectRoot = "";
			targets = (
				44E2E44E1FC1BF3400F34789 /* SRAttractionsMapExample */,
			);
		};
/* End PBXProject section */

/* Begin PBXReferenceProxy section */
		44E2E4691FC1BF4900F34789 /* SRAttractionsMap.framework */ = {
			isa = PBXReferenceProxy;
			fileType = wrapper.framework;
			path = SRAttractionsMap.framework;
			remoteRef = 44E2E4681FC1BF4900F34789 /* PBXContainerItemProxy */;
			sourceTree = BUILT_PRODUCTS_DIR;
		};
/* End PBXReferenceProxy section */

/* Begin PBXResourcesBuildPhase section */
		44E2E44D1FC1BF3400F34789 /* Resources */ = {
			isa = PBXResourcesBuildPhase;
			buildActionMask = 2147483647;
			files = (
				44E2E45D1FC1BF3400F34789 /* LaunchScreen.storyboard in Resources */,
				44E2E45A1FC1BF3400F34789 /* Assets.xcassets in Resources */,
				44E2E4581FC1BF3400F34789 /* Main.storyboard in Resources */,
				44E750F71FC1C00600524706 /* CoffeeshopsList.plist in Resources */,
			);
			runOnlyForDeploymentPostprocessing = 0;
		};
/* End PBXResourcesBuildPhase section */

/* Begin PBXSourcesBuildPhase section */
		44E2E44B1FC1BF3400F34789 /* Sources */ = {
			isa = PBXSourcesBuildPhase;
			buildActionMask = 2147483647;
			files = (
				44E2E4551FC1BF3400F34789 /* ViewController.swift in Sources */,
				44E2E4531FC1BF3400F34789 /* AppDelegate.swift in Sources */,
			);
			runOnlyForDeploymentPostprocessing = 0;
		};
/* End PBXSourcesBuildPhase section */

/* Begin PBXTargetDependency section */
		44E750F31FC1BF9500524706 /* PBXTargetDependency */ = {
			isa = PBXTargetDependency;
			name = SRAttractionsMap;
			targetProxy = 44E750F21FC1BF9500524706 /* PBXContainerItemProxy */;
		};
/* End PBXTargetDependency section */

/* Begin PBXVariantGroup section */
		44E2E4561FC1BF3400F34789 /* Main.storyboard */ = {
			isa = PBXVariantGroup;
			children = (
				44E2E4571FC1BF3400F34789 /* Base */,
			);
			name = Main.storyboard;
			sourceTree = "<group>";
		};
		44E2E45B1FC1BF3400F34789 /* LaunchScreen.storyboard */ = {
			isa = PBXVariantGroup;
			children = (
				44E2E45C1FC1BF3400F34789 /* Base */,
			);
			name = LaunchScreen.storyboard;
			sourceTree = "<group>";
		};
/* End PBXVariantGroup section */

/* Begin XCBuildConfiguration section */
		44E2E45F1FC1BF3400F34789 /* Debug */ = {
			isa = XCBuildConfiguration;
			buildSettings = {
				ALWAYS_SEARCH_USER_PATHS = NO;
				CLANG_ANALYZER_NONNULL = YES;
				CLANG_ANALYZER_NUMBER_OBJECT_CONVERSION = YES_AGGRESSIVE;
				CLANG_CXX_LANGUAGE_STANDARD = "gnu++0x";
				CLANG_CXX_LIBRARY = "libc++";
				CLANG_ENABLE_MODULES = YES;
				CLANG_ENABLE_OBJC_ARC = YES;
				CLANG_WARN_BLOCK_CAPTURE_AUTORELEASING = YES;
				CLANG_WARN_BOOL_CONVERSION = YES;
				CLANG_WARN_COMMA = YES;
				CLANG_WARN_CONSTANT_CONVERSION = YES;
				CLANG_WARN_DIRECT_OBJC_ISA_USAGE = YES_ERROR;
				CLANG_WARN_DOCUMENTATION_COMMENTS = YES;
				CLANG_WARN_EMPTY_BODY = YES;
				CLANG_WARN_ENUM_CONVERSION = YES;
				CLANG_WARN_INFINITE_RECURSION = YES;
				CLANG_WARN_INT_CONVERSION = YES;
				CLANG_WARN_NON_LITERAL_NULL_CONVERSION = YES;
				CLANG_WARN_OBJC_LITERAL_CONVERSION = YES;
				CLANG_WARN_OBJC_ROOT_CLASS = YES_ERROR;
				CLANG_WARN_RANGE_LOOP_ANALYSIS = YES;
				CLANG_WARN_STRICT_PROTOTYPES = YES;
				CLANG_WARN_SUSPICIOUS_MOVE = YES;
				CLANG_WARN_UNREACHABLE_CODE = YES;
				CLANG_WARN__DUPLICATE_METHOD_MATCH = YES;
				"CODE_SIGN_IDENTITY[sdk=iphoneos*]" = "iPhone Developer";
				COPY_PHASE_STRIP = NO;
				DEBUG_INFORMATION_FORMAT = dwarf;
				ENABLE_STRICT_OBJC_MSGSEND = YES;
				ENABLE_TESTABILITY = YES;
				GCC_C_LANGUAGE_STANDARD = gnu99;
				GCC_DYNAMIC_NO_PIC = NO;
				GCC_NO_COMMON_BLOCKS = YES;
				GCC_OPTIMIZATION_LEVEL = 0;
				GCC_PREPROCESSOR_DEFINITIONS = (
					"DEBUG=1",
					"$(inherited)",
				);
				GCC_WARN_64_TO_32_BIT_CONVERSION = YES;
				GCC_WARN_ABOUT_RETURN_TYPE = YES_ERROR;
				GCC_WARN_UNDECLARED_SELECTOR = YES;
				GCC_WARN_UNINITIALIZED_AUTOS = YES_AGGRESSIVE;
				GCC_WARN_UNUSED_FUNCTION = YES;
				GCC_WARN_UNUSED_VARIABLE = YES;
				IPHONEOS_DEPLOYMENT_TARGET = 10.3;
				MTL_ENABLE_DEBUG_INFO = YES;
				ONLY_ACTIVE_ARCH = YES;
				SDKROOT = iphoneos;
				SWIFT_ACTIVE_COMPILATION_CONDITIONS = DEBUG;
				SWIFT_OPTIMIZATION_LEVEL = "-Onone";
				TARGETED_DEVICE_FAMILY = "1,2";
			};
			name = Debug;
		};
		44E2E4601FC1BF3400F34789 /* Release */ = {
			isa = XCBuildConfiguration;
			buildSettings = {
				ALWAYS_SEARCH_USER_PATHS = NO;
				CLANG_ANALYZER_NONNULL = YES;
				CLANG_ANALYZER_NUMBER_OBJECT_CONVERSION = YES_AGGRESSIVE;
				CLANG_CXX_LANGUAGE_STANDARD = "gnu++0x";
				CLANG_CXX_LIBRARY = "libc++";
				CLANG_ENABLE_MODULES = YES;
				CLANG_ENABLE_OBJC_ARC = YES;
				CLANG_WARN_BLOCK_CAPTURE_AUTORELEASING = YES;
				CLANG_WARN_BOOL_CONVERSION = YES;
				CLANG_WARN_COMMA = YES;
				CLANG_WARN_CONSTANT_CONVERSION = YES;
				CLANG_WARN_DIRECT_OBJC_ISA_USAGE = YES_ERROR;
				CLANG_WARN_DOCUMENTATION_COMMENTS = YES;
				CLANG_WARN_EMPTY_BODY = YES;
				CLANG_WARN_ENUM_CONVERSION = YES;
				CLANG_WARN_INFINITE_RECURSION = YES;
				CLANG_WARN_INT_CONVERSION = YES;
				CLANG_WARN_NON_LITERAL_NULL_CONVERSION = YES;
				CLANG_WARN_OBJC_LITERAL_CONVERSION = YES;
				CLANG_WARN_OBJC_ROOT_CLASS = YES_ERROR;
				CLANG_WARN_RANGE_LOOP_ANALYSIS = YES;
				CLANG_WARN_STRICT_PROTOTYPES = YES;
				CLANG_WARN_SUSPICIOUS_MOVE = YES;
				CLANG_WARN_UNREACHABLE_CODE = YES;
				CLANG_WARN__DUPLICATE_METHOD_MATCH = YES;
				"CODE_SIGN_IDENTITY[sdk=iphoneos*]" = "iPhone Developer";
				COPY_PHASE_STRIP = NO;
				DEBUG_INFORMATION_FORMAT = "dwarf-with-dsym";
				ENABLE_NS_ASSERTIONS = NO;
				ENABLE_STRICT_OBJC_MSGSEND = YES;
				GCC_C_LANGUAGE_STANDARD = gnu99;
				GCC_NO_COMMON_BLOCKS = YES;
				GCC_WARN_64_TO_32_BIT_CONVERSION = YES;
				GCC_WARN_ABOUT_RETURN_TYPE = YES_ERROR;
				GCC_WARN_UNDECLARED_SELECTOR = YES;
				GCC_WARN_UNINITIALIZED_AUTOS = YES_AGGRESSIVE;
				GCC_WARN_UNUSED_FUNCTION = YES;
				GCC_WARN_UNUSED_VARIABLE = YES;
				IPHONEOS_DEPLOYMENT_TARGET = 10.3;
				MTL_ENABLE_DEBUG_INFO = NO;
				SDKROOT = iphoneos;
				SWIFT_OPTIMIZATION_LEVEL = "-Owholemodule";
				TARGETED_DEVICE_FAMILY = "1,2";
				VALIDATE_PRODUCT = YES;
			};
			name = Release;
		};
		44E2E4621FC1BF3400F34789 /* Debug */ = {
			isa = XCBuildConfiguration;
			buildSettings = {
				ALWAYS_EMBED_SWIFT_STANDARD_LIBRARIES = YES;
				ASSETCATALOG_COMPILER_APPICON_NAME = AppIcon;
				DEVELOPMENT_TEAM = 6U6DEJ8A2S;
				INFOPLIST_FILE = SRAttractionsMapExample/Info.plist;
				LD_RUNPATH_SEARCH_PATHS = "$(inherited) @executable_path/Frameworks";
				PRODUCT_BUNDLE_IDENTIFIER = rsrbk.SRAttractionsMapExample;
				PRODUCT_NAME = "$(TARGET_NAME)";
				SWIFT_SWIFT3_OBJC_INFERENCE = Default;
				SWIFT_VERSION = 4.0;
			};
			name = Debug;
		};
		44E2E4631FC1BF3400F34789 /* Release */ = {
			isa = XCBuildConfiguration;
			buildSettings = {
				ALWAYS_EMBED_SWIFT_STANDARD_LIBRARIES = YES;
				ASSETCATALOG_COMPILER_APPICON_NAME = AppIcon;
				DEVELOPMENT_TEAM = 6U6DEJ8A2S;
				INFOPLIST_FILE = SRAttractionsMapExample/Info.plist;
				LD_RUNPATH_SEARCH_PATHS = "$(inherited) @executable_path/Frameworks";
				PRODUCT_BUNDLE_IDENTIFIER = rsrbk.SRAttractionsMapExample;
				PRODUCT_NAME = "$(TARGET_NAME)";
				SWIFT_SWIFT3_OBJC_INFERENCE = Default;
				SWIFT_VERSION = 4.0;
			};
			name = Release;
		};
/* End XCBuildConfiguration section */

/* Begin XCConfigurationList section */
		44E2E44A1FC1BF3400F34789 /* Build configuration list for PBXProject "SRAttractionsMapExample" */ = {
			isa = XCConfigurationList;
			buildConfigurations = (
				44E2E45F1FC1BF3400F34789 /* Debug */,
				44E2E4601FC1BF3400F34789 /* Release */,
			);
			defaultConfigurationIsVisible = 0;
			defaultConfigurationName = Release;
		};
		44E2E4611FC1BF3400F34789 /* Build configuration list for PBXNativeTarget "SRAttractionsMapExample" */ = {
			isa = XCConfigurationList;
			buildConfigurations = (
				44E2E4621FC1BF3400F34789 /* Debug */,
				44E2E4631FC1BF3400F34789 /* Release */,
			);
			defaultConfigurationIsVisible = 0;
			defaultConfigurationName = Release;
		};
/* End XCConfigurationList section */
	};
	rootObject = 44E2E4471FC1BF3400F34789 /* Project object */;
}
